{
  "name": "node_content",
  "lockfileVersion": 2,
  "requires": true,
  "packages": {
    "": {
      "dependencies": {
        "maze-generation": "^3.1.2"
      }
    },
    "node_modules/maze-generation": {
      "version": "3.1.2",
      "resolved": "https://npm.nos.to/maze-generation/-/maze-generation-3.1.2.tgz",
      "integrity": "sha512-e/vg5M+J+EXh+Pdr5UGSbsJWyoWi1Iy046kHo95mMtiu51gOolEgqR7DRuMgaMgA2JEvkpE539wbySyoVEiwJw==",
      "license": "MIT",
      "dependencies": {
        "prando": "^6.0.1"
      }
    },
    "node_modules/prando": {
      "version": "6.0.1",
      "resolved": "https://npm.nos.to/prando/-/prando-6.0.1.tgz",
      "integrity": "sha512-ghUWxQ1T9IJmPu6eshc3VU0OwveUtXQ33ZLXYUcz1Oc5ppKLDXKp0TBDj6b0epwhEctzcQSNGR2iHyvQSn4W5A==",
      "license": "MIT"
    }
  },
  "dependencies": {
    "maze-generation": {
      "version": "3.1.2",
      "resolved": "https://npm.nos.to/maze-generation/-/maze-generation-3.1.2.tgz",
      "integrity": "sha512-e/vg5M+J+EXh+Pdr5UGSbsJWyoWi1Iy046kHo95mMtiu51gOolEgqR7DRuMgaMgA2JEvkpE539wbySyoVEiwJw==",
      "requires": {
        "prando": "^6.0.1"
      }
    },
    "prando": {
      "version": "6.0.1",
      "resolved": "https://npm.nos.to/prando/-/prando-6.0.1.tgz",
      "integrity": "sha512-ghUWxQ1T9IJmPu6eshc3VU0OwveUtXQ33ZLXYUcz1Oc5ppKLDXKp0TBDj6b0epwhEctzcQSNGR2iHyvQSn4W5A=="
    }
  }
}
